
Microsoft Visual Studio Solution File, Format Version 12.00
# Visual Studio 15
VisualStudioVersion = 15.0.28307.489
MinimumVisualStudioVersion = 10.0.40219.1
Project("{FAE04EC0-301F-11D3-BF4B-00C04F79EFBC}") = "SevDeskApi", "SevDeskApi\SevDeskApi.csproj", "{D6A74B9C-E46A-4FD8-AF37-4B7BD5ED5492}"
EndProject
Global
	GlobalSection(SolutionConfigurationPlatforms) = preSolution
		Debug|Any CPU = Debug|Any CPU
		Release|Any CPU = Release|Any CPU
	EndGlobalSection
	GlobalSection(ProjectConfigurationPlatforms) = postSolution
		{D6A74B9C-E46A-4FD8-AF37-4B7BD5ED5492}.Debug|Any CPU.ActiveCfg = Debug|Any CPU
		{D6A74B9C-E46A-4FD8-AF37-4B7BD5ED5492}.Debug|Any CPU.Build.0 = Debug|Any CPU
		{D6A74B9C-E46A-4FD8-AF37-4B7BD5ED5492}.Release|Any CPU.ActiveCfg = Release|Any CPU
		{D6A74B9C-E46A-4FD8-AF37-4B7BD5ED5492}.Release|Any CPU.Build.0 = Release|Any CPU
	EndGlobalSection
	GlobalSection(SolutionProperties) = preSolution
		HideSolutionNode = FALSE
	EndGlobalSection
	GlobalSection(ExtensibilityGlobals) = postSolution
		SolutionGuid = {99D63ADA-878D-4F0A-ADEC-9EE1CFB0E420}
	EndGlobalSection
EndGlobal
